
Microsoft Visual Studio Solution File, Format Version 12.00
# Visual Studio 2012
VisualStudioVersion = 14.0.23107.0
MinimumVisualStudioVersion = 10.0.40219.1
Project("{FAE04EC0-301F-11D3-BF4B-00C04F79EFBC}") = "PhiClient", "PhiClient\PhiClient.csproj", "{C5077FB0-628E-46FC-8303-259A905F6DD1}"
EndProject
Project("{FAE04EC0-301F-11D3-BF4B-00C04F79EFBC}") = "PhiServer", "PhiServer\PhiServer.csproj", "{793DB79E-9C7F-42AB-AC11-C270FC25BF74}"
EndProject
Project("{FAE04EC0-301F-11D3-BF4B-00C04F79EFBC}") = "SocketLibrary", "SocketLibrary\SocketLibrary.csproj", "{3EA9FA43-01FC-4AF5-BDA8-81BAC9DF7900}"
EndProject
Project("{FAE04EC0-301F-11D3-BF4B-00C04F79EFBC}") = "PhiData", "PhiData\PhiData.csproj", "{A4B9D7A7-21FA-44CC-8E27-07F4F0286E86}"
EndProject
Project("{2150E333-8FDC-42A3-9474-1A3956D46DE8}") = "Solution Items", "Solution Items", "{6E5F3D3F-B641-4FEC-9A9B-2803BF1C6707}"
	ProjectSection(SolutionItems) = preProject
		README.md = README.md
	EndProjectSection
EndProject
Project("{2150E333-8FDC-42A3-9474-1A3956D46DE8}") = "ExternPackages", "ExternPackages", "{BCFE3D5F-CF42-4727-B9F9-5F20A04CCA19}"
	ProjectSection(SolutionItems) = preProject
		ExternPackages\Assembly-CSharp.dll = ExternPackages\Assembly-CSharp.dll
		ExternPackages\UnityEngine.dll = ExternPackages\UnityEngine.dll
		ExternPackages\Community Core Library.dll = ExternPackages\Community Core Library.dll
	EndProjectSection
EndProject
Global
	GlobalSection(SolutionConfigurationPlatforms) = preSolution
		Debug|Any CPU = Debug|Any CPU
		Release|Any CPU = Release|Any CPU
	EndGlobalSection
	GlobalSection(ProjectConfigurationPlatforms) = postSolution
		{3EA9FA43-01FC-4AF5-BDA8-81BAC9DF7900}.Debug|Any CPU.ActiveCfg = Debug|Any CPU
		{3EA9FA43-01FC-4AF5-BDA8-81BAC9DF7900}.Debug|Any CPU.Build.0 = Debug|Any CPU
		{3EA9FA43-01FC-4AF5-BDA8-81BAC9DF7900}.Release|Any CPU.ActiveCfg = Release|Any CPU
		{3EA9FA43-01FC-4AF5-BDA8-81BAC9DF7900}.Release|Any CPU.Build.0 = Release|Any CPU
		{793DB79E-9C7F-42AB-AC11-C270FC25BF74}.Debug|Any CPU.ActiveCfg = Debug|Any CPU
		{793DB79E-9C7F-42AB-AC11-C270FC25BF74}.Debug|Any CPU.Build.0 = Debug|Any CPU
		{793DB79E-9C7F-42AB-AC11-C270FC25BF74}.Release|Any CPU.ActiveCfg = Release|Any CPU
		{793DB79E-9C7F-42AB-AC11-C270FC25BF74}.Release|Any CPU.Build.0 = Release|Any CPU
		{A4B9D7A7-21FA-44CC-8E27-07F4F0286E86}.Debug|Any CPU.ActiveCfg = Debug|Any CPU
		{A4B9D7A7-21FA-44CC-8E27-07F4F0286E86}.Debug|Any CPU.Build.0 = Debug|Any CPU
		{A4B9D7A7-21FA-44CC-8E27-07F4F0286E86}.Release|Any CPU.ActiveCfg = Release|Any CPU
		{A4B9D7A7-21FA-44CC-8E27-07F4F0286E86}.Release|Any CPU.Build.0 = Release|Any CPU
		{C5077FB0-628E-46FC-8303-259A905F6DD1}.Debug|Any CPU.ActiveCfg = Debug|Any CPU
		{C5077FB0-628E-46FC-8303-259A905F6DD1}.Debug|Any CPU.Build.0 = Debug|Any CPU
		{C5077FB0-628E-46FC-8303-259A905F6DD1}.Release|Any CPU.ActiveCfg = Release|Any CPU
		{C5077FB0-628E-46FC-8303-259A905F6DD1}.Release|Any CPU.Build.0 = Release|Any CPU
	EndGlobalSection
	GlobalSection(NestedProjects) = preSolution
		{BCFE3D5F-CF42-4727-B9F9-5F20A04CCA19} = {6E5F3D3F-B641-4FEC-9A9B-2803BF1C6707}
	EndGlobalSection
	GlobalSection(SolutionProperties) = preSolution
		HideSolutionNode = FALSE
	EndGlobalSection
EndGlobal
